
Microsoft Visual Studio Solution File, Format Version 12.00
# Visual Studio Version 16
VisualStudioVersion = 16.0.30517.126
MinimumVisualStudioVersion = 10.0.40219.1
Project("{9A19103F-16F7-4668-BE54-9A1E7A4F7556}") = "ResourceCreator", "ResourceCreator.csproj", "{7EEE06EC-72F2-41D8-9937-5A516275B2A1}"
EndProject
Global
	GlobalSection(SolutionConfigurationPlatforms) = preSolution
		Debug|Any CPU = Debug|Any CPU
		Release|Any CPU = Release|Any CPU
	EndGlobalSection
	GlobalSection(ProjectConfigurationPlatforms) = postSolution
		{7EEE06EC-72F2-41D8-9937-5A516275B2A1}.Debug|Any CPU.ActiveCfg = Debug|Any CPU
		{7EEE06EC-72F2-41D8-9937-5A516275B2A1}.Debug|Any CPU.Build.0 = Debug|Any CPU
		{7EEE06EC-72F2-41D8-9937-5A516275B2A1}.Release|Any CPU.ActiveCfg = Release|Any CPU
		{7EEE06EC-72F2-41D8-9937-5A516275B2A1}.Release|Any CPU.Build.0 = Release|Any CPU
	EndGlobalSection
	GlobalSection(SolutionProperties) = preSolution
		HideSolutionNode = FALSE
	EndGlobalSection
	GlobalSection(ExtensibilityGlobals) = postSolution
		SolutionGuid = {FB08EB42-2E2D-4182-923E-A94DA5AAC6D7}
	EndGlobalSection
EndGlobal
